{
  "requires": true,
  "lockfileVersion": 1,
  "dependencies": {
    "use-reducer-logger": {
      "version": "1.0.2",
      "resolved": "https://registry.npmjs.org/use-reducer-logger/-/use-reducer-logger-1.0.2.tgz",
      "integrity": "sha512-i0SQtRrWqbgQ07V0Ty1Eznh9k37LCTp3eaSIAMLTdd6+mg3teREHMf10lk9cf5OzzT+woP0XS8E1FC4+hxcrJQ=="
    }
  }
}
